
Microsoft Visual Studio Solution File, Format Version 12.00
# Visual Studio Version 16
VisualStudioVersion = 16.0.808.8
MinimumVisualStudioVersion = 10.0.40219.1
Project("{FAE04EC0-301F-11D3-BF4B-00C04F79EFBC}") = "BlazorMatchGame", "BlazorMatchGame\BlazorMatchGame.csproj", "{D6F593E1-651C-4951-A370-C363D8D8B392}"
EndProject
Global
	GlobalSection(SolutionConfigurationPlatforms) = preSolution
		Debug|Any CPU = Debug|Any CPU
		Release|Any CPU = Release|Any CPU
	EndGlobalSection
	GlobalSection(ProjectConfigurationPlatforms) = postSolution
		{D6F593E1-651C-4951-A370-C363D8D8B392}.Debug|Any CPU.ActiveCfg = Debug|Any CPU
		{D6F593E1-651C-4951-A370-C363D8D8B392}.Debug|Any CPU.Build.0 = Debug|Any CPU
		{D6F593E1-651C-4951-A370-C363D8D8B392}.Release|Any CPU.ActiveCfg = Release|Any CPU
		{D6F593E1-651C-4951-A370-C363D8D8B392}.Release|Any CPU.Build.0 = Release|Any CPU
	EndGlobalSection
	GlobalSection(SolutionProperties) = preSolution
		HideSolutionNode = FALSE
	EndGlobalSection
	GlobalSection(ExtensibilityGlobals) = postSolution
		SolutionGuid = {CF5664C0-00E7-4AFA-8B41-7B0A83613C9D}
	EndGlobalSection
EndGlobal
